
Microsoft Visual Studio Solution File, Format Version 12.00
# Visual Studio 15
Project("{FAE04EC0-301F-11D3-BF4B-00C04F79EFBC}") = "Assembly-CSharp", "Assembly-CSharp.csproj", "{D8717705-481C-3732-AD19-29FEC739D1B5}"
EndProject
Project("{FAE04EC0-301F-11D3-BF4B-00C04F79EFBC}") = "Assembly-CSharp-Editor", "Assembly-CSharp-Editor.csproj", "{C21F0408-8FBB-0326-E168-4B7E2042EF86}"
EndProject
Global
	GlobalSection(SolutionConfigurationPlatforms) = preSolution
		Debug|Any CPU = Debug|Any CPU
		Release|Any CPU = Release|Any CPU
	EndGlobalSection
	GlobalSection(ProjectConfigurationPlatforms) = postSolution
		{D8717705-481C-3732-AD19-29FEC739D1B5}.Debug|Any CPU.ActiveCfg = Debug|Any CPU
		{D8717705-481C-3732-AD19-29FEC739D1B5}.Debug|Any CPU.Build.0 = Debug|Any CPU
		{D8717705-481C-3732-AD19-29FEC739D1B5}.Release|Any CPU.ActiveCfg = Release|Any CPU
		{D8717705-481C-3732-AD19-29FEC739D1B5}.Release|Any CPU.Build.0 = Release|Any CPU
		{C21F0408-8FBB-0326-E168-4B7E2042EF86}.Debug|Any CPU.ActiveCfg = Debug|Any CPU
		{C21F0408-8FBB-0326-E168-4B7E2042EF86}.Debug|Any CPU.Build.0 = Debug|Any CPU
		{C21F0408-8FBB-0326-E168-4B7E2042EF86}.Release|Any CPU.ActiveCfg = Release|Any CPU
		{C21F0408-8FBB-0326-E168-4B7E2042EF86}.Release|Any CPU.Build.0 = Release|Any CPU
	EndGlobalSection
	GlobalSection(SolutionProperties) = preSolution
		HideSolutionNode = FALSE
	EndGlobalSection
EndGlobal
